// !$*UTF8*$!
{
	archiveVersion = 1;
	classes = {
	};
	objectVersion = 56;
	objects = {

/* Begin PBXBuildFile section */
		2B336D672C3D4C8000B63C2B /* BrowserApp.swift in Sources */ = {isa = PBXBuildFile; fileRef = 2B336D652C3D4C8000B63C2B /* BrowserApp.swift */; };
		2B336D682C3D4C8000B63C2B /* WebView.swift in Sources */ = {isa = PBXBuildFile; fileRef = 2B336D662C3D4C8000B63C2B /* WebView.swift */; };
		2B336D702C3D4C8200B63C2B /* WindowAccessor.swift in Sources */ = {isa = PBXBuildFile; fileRef = 2B336D6F2C3D4C8200B63C2B /* WindowAccessor.swift */; };
		2B336D722C3D4C8300B63C2B /* BrowserWindowView.swift in Sources */ = {isa = PBXBuildFile; fileRef = 2B336D712C3D4C8300B63C2B /* BrowserWindowView.swift */; };
		2B336D742C3D4C8300B63C2B /* BrowserSidebar.swift in Sources */ = {isa = PBXBuildFile; fileRef = 2B336D732C3D4C8300B63C2B /* BrowserSidebar.swift */; };
		2B336D762C3D4C8300B63C2B /* TrafficLightControls.swift in Sources */ = {isa = PBXBuildFile; fileRef = 2B336D752C3D4C8300B63C2B /* TrafficLightControls.swift */; };
		2B336D782C3D4C8300B63C2B /* LiquidGlassView.swift in Sources */ = {isa = PBXBuildFile; fileRef = 2B336D772C3D4C8300B63C2B /* LiquidGlassView.swift */; };
		2B336D7E2C3D4C8400B63C2B /* BrowserState.swift in Sources */ = {isa = PBXBuildFile; fileRef = 2B336D7D2C3D4C8400B63C2B /* BrowserState.swift */; };
		2B336D802C3D4C8500B63C2B /* BrowserDatabase.swift in Sources */ = {isa = PBXBuildFile; fileRef = 2B336D7F2C3D4C8500B63C2B /* BrowserDatabase.swift */; };
		2B336D832C3D4C8600B63C2B /* CursorModifier.swift in Sources */ = {isa = PBXBuildFile; fileRef = 2B336D822C3D4C8600B63C2B /* CursorModifier.swift */; };
		2B336D852C3D4C8700B63C2B /* BrowserModels.swift in Sources */ = {isa = PBXBuildFile; fileRef = 2B336D862C3D4C8700B63C2B /* BrowserModels.swift */; };
		2B336D872C3D4C8700B63C2B /* BrowserTab.swift in Sources */ = {isa = PBXBuildFile; fileRef = 2B336D882C3D4C8700B63C2B /* BrowserTab.swift */; };
		2B336D892C3D4C8700B63C2B /* BrowserNavigation.swift in Sources */ = {isa = PBXBuildFile; fileRef = 2B336D8A2C3D4C8700B63C2B /* BrowserNavigation.swift */; };
		2B336D8B2C3D4C8700B63C2B /* BrowserPersistenceStore.swift in Sources */ = {isa = PBXBuildFile; fileRef = 2B336D8C2C3D4C8700B63C2B /* BrowserPersistenceStore.swift */; };
		2B336D912C3D4C8800B63C2B /* Assets.xcassets in Resources */ = {isa = PBXBuildFile; fileRef = 2B336D902C3D4C8800B63C2B /* Assets.xcassets */; };
		2B336D942C3D51A600B63C2B /* Sparkle in Frameworks */ = {isa = PBXBuildFile; productRef = 2B336D932C3D51A600B63C2B /* Sparkle */; };
		2BE87EEEEA58874FD23338E0 /* BrowserConsolePanel.swift in Sources */ = {isa = PBXBuildFile; fileRef = 2B9C988C00DC294A0C77A5F8 /* BrowserConsolePanel.swift */; };
		2B0B8466F7425FEBAA3AA46F /* BrowserFailureView.swift in Sources */ = {isa = PBXBuildFile; fileRef = 2BE48B6A936220AE0C933BFB /* BrowserFailureView.swift */; };
		2B02A59760D828646C7AC6C3 /* BrowserFindPanel.swift in Sources */ = {isa = PBXBuildFile; fileRef = 2B103A9C3F4A9FEF84D94F22 /* BrowserFindPanel.swift */; };
		2BA155E22421955C0E3D7A81 /* BrowserFullSettingsPage.swift in Sources */ = {isa = PBXBuildFile; fileRef = 2B20600C79A775026EFE02AE /* BrowserFullSettingsPage.swift */; };
		2B9D420FE812E97BC7D17F14 /* BrowserHistoryPage.swift in Sources */ = {isa = PBXBuildFile; fileRef = 2B88DDC15985F48350CBAC13 /* BrowserHistoryPage.swift */; };
		2BEEF46EC68BAB28E2046202 /* BrowserProfileViews.swift in Sources */ = {isa = PBXBuildFile; fileRef = 2B0151F54462035696689556 /* BrowserProfileViews.swift */; };
		2B69F0B907CDDCAFBD14A503 /* BrowserToasts.swift in Sources */ = {isa = PBXBuildFile; fileRef = 2B53DCE0285482951017ECF8 /* BrowserToasts.swift */; };
		2BB13BB91B85465D924F9C18 /* BrowserWindowOcclusion.swift in Sources */ = {isa = PBXBuildFile; fileRef = 2B80BA7A6CEBF38327BFC67D /* BrowserWindowOcclusion.swift */; };
		2B3F3B42C22F6B2F7D287ECA /* NewTabPrompt.swift in Sources */ = {isa = PBXBuildFile; fileRef = 2B3601B2492CB55E8D225085 /* NewTabPrompt.swift */; };
		2B3C191DD49D5F81F8FA7BC5 /* SidebarAddressField.swift in Sources */ = {isa = PBXBuildFile; fileRef = 2B412DA80A7BF0AB07FAE5E4 /* SidebarAddressField.swift */; };
		2B389713B95445A92A83E7E5 /* SidebarBookmarks.swift in Sources */ = {isa = PBXBuildFile; fileRef = 2B91612B7B4F599A2F759FB1 /* SidebarBookmarks.swift */; };
		2B1FB70B800B31C2F9CB75F1 /* SidebarDownloads.swift in Sources */ = {isa = PBXBuildFile; fileRef = 2B8D7C7274715BA4EE69367E /* SidebarDownloads.swift */; };
		2B795F1BCB909690586D9003 /* SidebarSettingsPanel.swift in Sources */ = {isa = PBXBuildFile; fileRef = 2B2A659A9E9BF3030C48FE16 /* SidebarSettingsPanel.swift */; };
		2B5F3A46D9D4566D774EE769 /* SidebarTabs.swift in Sources */ = {isa = PBXBuildFile; fileRef = 2B3DFD1E008817D1100A5650 /* SidebarTabs.swift */; };
		2BDCF270B83A14E422BE8B72 /* BrowserStorageModels.swift in Sources */ = {isa = PBXBuildFile; fileRef = 2B82629A612B3E12E1731A81 /* BrowserStorageModels.swift */; };
		2BB103B19E83796381BD27EE /* SQLiteSupport.swift in Sources */ = {isa = PBXBuildFile; fileRef = 2B8222F79C78DBED7751697F /* SQLiteSupport.swift */; };
		2BC100012D1A000100000001 /* BrowserCloud.swift in Sources */ = {isa = PBXBuildFile; fileRef = 2BC100002D1A000100000001 /* BrowserCloud.swift */; };
		2BC100032D1A000100000001 /* BrowserMailPage.swift in Sources */ = {isa = PBXBuildFile; fileRef = 2BC100022D1A000100000001 /* BrowserMailPage.swift */; };
		2BC100052D1A000100000001 /* BrowserCalendarPage.swift in Sources */ = {isa = PBXBuildFile; fileRef = 2BC100042D1A000100000001 /* BrowserCalendarPage.swift */; };
		2BC1000B2D1A000100000001 /* ConvexMobile in Frameworks */ = {isa = PBXBuildFile; productRef = 2BC1000A2D1A000100000001 /* ConvexMobile */; };
		2BC1000D2D1B000100000001 /* BrowserExternalURLRouter.swift in Sources */ = {isa = PBXBuildFile; fileRef = 2BC1000C2D1B000100000001 /* BrowserExternalURLRouter.swift */; };
		2BC1000F2D1C000100000001 /* BrowserOAuthOverlayView.swift in Sources */ = {isa = PBXBuildFile; fileRef = 2BC1000E2D1C000100000001 /* BrowserOAuthOverlayView.swift */; };
/* End PBXBuildFile section */

/* Begin PBXFileReference section */
		2B336D582C3D4C7F00B63C2B /* Browser.app */ = {isa = PBXFileReference; explicitFileType = wrapper.application; includeInIndex = 0; path = Browser.app; sourceTree = BUILT_PRODUCTS_DIR; };
		2B336D652C3D4C8000B63C2B /* BrowserApp.swift */ = {isa = PBXFileReference; lastKnownFileType = sourcecode.swift; path = BrowserApp.swift; sourceTree = "<group>"; };
		2B336D662C3D4C8000B63C2B /* WebView.swift */ = {isa = PBXFileReference; lastKnownFileType = sourcecode.swift; path = WebView.swift; sourceTree = "<group>"; };
		2B336D6F2C3D4C8200B63C2B /* WindowAccessor.swift */ = {isa = PBXFileReference; lastKnownFileType = sourcecode.swift; path = WindowAccessor.swift; sourceTree = "<group>"; };
		2B336D952C3D5EA000B63C2B /* Info.plist */ = {isa = PBXFileReference; lastKnownFileType = text.plist.xml; path = Info.plist; sourceTree = "<group>"; };
		2B336D712C3D4C8300B63C2B /* BrowserWindowView.swift */ = {isa = PBXFileReference; lastKnownFileType = sourcecode.swift; path = BrowserWindowView.swift; sourceTree = "<group>"; };
		2B336D732C3D4C8300B63C2B /* BrowserSidebar.swift */ = {isa = PBXFileReference; lastKnownFileType = sourcecode.swift; path = BrowserSidebar.swift; sourceTree = "<group>"; };
		2B336D752C3D4C8300B63C2B /* TrafficLightControls.swift */ = {isa = PBXFileReference; lastKnownFileType = sourcecode.swift; path = TrafficLightControls.swift; sourceTree = "<group>"; };
		2B336D772C3D4C8300B63C2B /* LiquidGlassView.swift */ = {isa = PBXFileReference; lastKnownFileType = sourcecode.swift; path = LiquidGlassView.swift; sourceTree = "<group>"; };
		2B336D7D2C3D4C8400B63C2B /* BrowserState.swift */ = {isa = PBXFileReference; lastKnownFileType = sourcecode.swift; path = BrowserState.swift; sourceTree = "<group>"; };
		2B336D7F2C3D4C8500B63C2B /* BrowserDatabase.swift */ = {isa = PBXFileReference; lastKnownFileType = sourcecode.swift; path = BrowserDatabase.swift; sourceTree = "<group>"; };
		2B336D822C3D4C8600B63C2B /* CursorModifier.swift */ = {isa = PBXFileReference; lastKnownFileType = sourcecode.swift; path = CursorModifier.swift; sourceTree = "<group>"; };
		2B336D862C3D4C8700B63C2B /* BrowserModels.swift */ = {isa = PBXFileReference; lastKnownFileType = sourcecode.swift; path = BrowserModels.swift; sourceTree = "<group>"; };
		2B336D882C3D4C8700B63C2B /* BrowserTab.swift */ = {isa = PBXFileReference; lastKnownFileType = sourcecode.swift; path = BrowserTab.swift; sourceTree = "<group>"; };
		2B336D8A2C3D4C8700B63C2B /* BrowserNavigation.swift */ = {isa = PBXFileReference; lastKnownFileType = sourcecode.swift; path = BrowserNavigation.swift; sourceTree = "<group>"; };
		2B336D8C2C3D4C8700B63C2B /* BrowserPersistenceStore.swift */ = {isa = PBXFileReference; lastKnownFileType = sourcecode.swift; path = BrowserPersistenceStore.swift; sourceTree = "<group>"; };
		2B336D902C3D4C8800B63C2B /* Assets.xcassets */ = {isa = PBXFileReference; lastKnownFileType = folder.assetcatalog; path = Assets.xcassets; sourceTree = "<group>"; };
		2B9C988C00DC294A0C77A5F8 /* BrowserConsolePanel.swift */ = {isa = PBXFileReference; lastKnownFileType = sourcecode.swift; path = BrowserConsolePanel.swift; sourceTree = "<group>"; };
		2BE48B6A936220AE0C933BFB /* BrowserFailureView.swift */ = {isa = PBXFileReference; lastKnownFileType = sourcecode.swift; path = BrowserFailureView.swift; sourceTree = "<group>"; };
		2B103A9C3F4A9FEF84D94F22 /* BrowserFindPanel.swift */ = {isa = PBXFileReference; lastKnownFileType = sourcecode.swift; path = BrowserFindPanel.swift; sourceTree = "<group>"; };
		2B20600C79A775026EFE02AE /* BrowserFullSettingsPage.swift */ = {isa = PBXFileReference; lastKnownFileType = sourcecode.swift; path = BrowserFullSettingsPage.swift; sourceTree = "<group>"; };
		2B88DDC15985F48350CBAC13 /* BrowserHistoryPage.swift */ = {isa = PBXFileReference; lastKnownFileType = sourcecode.swift; path = BrowserHistoryPage.swift; sourceTree = "<group>"; };
		2B0151F54462035696689556 /* BrowserProfileViews.swift */ = {isa = PBXFileReference; lastKnownFileType = sourcecode.swift; path = BrowserProfileViews.swift; sourceTree = "<group>"; };
		2B53DCE0285482951017ECF8 /* BrowserToasts.swift */ = {isa = PBXFileReference; lastKnownFileType = sourcecode.swift; path = BrowserToasts.swift; sourceTree = "<group>"; };
		2B80BA7A6CEBF38327BFC67D /* BrowserWindowOcclusion.swift */ = {isa = PBXFileReference; lastKnownFileType = sourcecode.swift; path = BrowserWindowOcclusion.swift; sourceTree = "<group>"; };
		2B3601B2492CB55E8D225085 /* NewTabPrompt.swift */ = {isa = PBXFileReference; lastKnownFileType = sourcecode.swift; path = NewTabPrompt.swift; sourceTree = "<group>"; };
		2B412DA80A7BF0AB07FAE5E4 /* SidebarAddressField.swift */ = {isa = PBXFileReference; lastKnownFileType = sourcecode.swift; path = SidebarAddressField.swift; sourceTree = "<group>"; };
		2B91612B7B4F599A2F759FB1 /* SidebarBookmarks.swift */ = {isa = PBXFileReference; lastKnownFileType = sourcecode.swift; path = SidebarBookmarks.swift; sourceTree = "<group>"; };
		2B8D7C7274715BA4EE69367E /* SidebarDownloads.swift */ = {isa = PBXFileReference; lastKnownFileType = sourcecode.swift; path = SidebarDownloads.swift; sourceTree = "<group>"; };
		2B2A659A9E9BF3030C48FE16 /* SidebarSettingsPanel.swift */ = {isa = PBXFileReference; lastKnownFileType = sourcecode.swift; path = SidebarSettingsPanel.swift; sourceTree = "<group>"; };
		2B3DFD1E008817D1100A5650 /* SidebarTabs.swift */ = {isa = PBXFileReference; lastKnownFileType = sourcecode.swift; path = SidebarTabs.swift; sourceTree = "<group>"; };
		2B82629A612B3E12E1731A81 /* BrowserStorageModels.swift */ = {isa = PBXFileReference; lastKnownFileType = sourcecode.swift; path = BrowserStorageModels.swift; sourceTree = "<group>"; };
		2B8222F79C78DBED7751697F /* SQLiteSupport.swift */ = {isa = PBXFileReference; lastKnownFileType = sourcecode.swift; path = SQLiteSupport.swift; sourceTree = "<group>"; };
		2BC100002D1A000100000001 /* BrowserCloud.swift */ = {isa = PBXFileReference; lastKnownFileType = sourcecode.swift; path = BrowserCloud.swift; sourceTree = "<group>"; };
		2BC100022D1A000100000001 /* BrowserMailPage.swift */ = {isa = PBXFileReference; lastKnownFileType = sourcecode.swift; path = BrowserMailPage.swift; sourceTree = "<group>"; };
		2BC100042D1A000100000001 /* BrowserCalendarPage.swift */ = {isa = PBXFileReference; lastKnownFileType = sourcecode.swift; path = BrowserCalendarPage.swift; sourceTree = "<group>"; };
		2BC1000C2D1B000100000001 /* BrowserExternalURLRouter.swift */ = {isa = PBXFileReference; lastKnownFileType = sourcecode.swift; path = BrowserExternalURLRouter.swift; sourceTree = "<group>"; };
		2BC1000E2D1C000100000001 /* BrowserOAuthOverlayView.swift */ = {isa = PBXFileReference; lastKnownFileType = sourcecode.swift; path = BrowserOAuthOverlayView.swift; sourceTree = "<group>"; };
/* End PBXFileReference section */

/* Begin PBXFrameworksBuildPhase section */
		2B336D552C3D4C7F00B63C2B /* Frameworks */ = {
			isa = PBXFrameworksBuildPhase;
			buildActionMask = 2147483647;
			files = (
				2BC1000B2D1A000100000001 /* ConvexMobile in Frameworks */,
				2B336D942C3D51A600B63C2B /* Sparkle in Frameworks */,
			);
			runOnlyForDeploymentPostprocessing = 0;
		};
/* End PBXFrameworksBuildPhase section */

/* Begin PBXGroup section */
		2B336D4F2C3D4C7F00B63C2B = {
			isa = PBXGroup;
			children = (
				2B336D5A2C3D4C7F00B63C2B /* Browser */,
				2B336D592C3D4C7F00B63C2B /* Products */,
			);
			sourceTree = "<group>";
		};
		2B336D592C3D4C7F00B63C2B /* Products */ = {
			isa = PBXGroup;
			children = (
				2B336D582C3D4C7F00B63C2B /* Browser.app */,
			);
			name = Products;
			sourceTree = "<group>";
		};
		2B336D5A2C3D4C7F00B63C2B /* Browser */ = {
			isa = PBXGroup;
			children = (
					2B336D652C3D4C8000B63C2B /* BrowserApp.swift */,
					2B336D712C3D4C8300B63C2B /* BrowserWindowView.swift */,
					2B336D862C3D4C8700B63C2B /* BrowserModels.swift */,
					2B336D8A2C3D4C8700B63C2B /* BrowserNavigation.swift */,
					2BC1000C2D1B000100000001 /* BrowserExternalURLRouter.swift */,
					2B336D7D2C3D4C8400B63C2B /* BrowserState.swift */,
					2B336D882C3D4C8700B63C2B /* BrowserTab.swift */,
					2BC100002D1A000100000001 /* BrowserCloud.swift */,
					2B336D662C3D4C8000B63C2B /* WebView.swift */,
					2B336D822C3D4C8600B63C2B /* CursorModifier.swift */,
				2B336D812C3D4C8500B63C2B /* Persistence */,
				2B336D7B2C3D4C8300B63C2B /* Sidebar */,
				2B336D7C2C3D4C8300B63C2B /* Window */,
				2B336D902C3D4C8800B63C2B /* Assets.xcassets */,
				2B336D952C3D5EA000B63C2B /* Info.plist */,
			);
			path = Browser;
			sourceTree = "<group>";
		};
		2B336D7B2C3D4C8300B63C2B /* Sidebar */ = {
			isa = PBXGroup;
			children = (
				2B336D732C3D4C8300B63C2B /* BrowserSidebar.swift */,
				2B336D752C3D4C8300B63C2B /* TrafficLightControls.swift */,
				2B412DA80A7BF0AB07FAE5E4 /* SidebarAddressField.swift */,
				2B91612B7B4F599A2F759FB1 /* SidebarBookmarks.swift */,
				2B8D7C7274715BA4EE69367E /* SidebarDownloads.swift */,
				2B2A659A9E9BF3030C48FE16 /* SidebarSettingsPanel.swift */,
				2B3DFD1E008817D1100A5650 /* SidebarTabs.swift */,
			);
			path = Sidebar;
			sourceTree = "<group>";
		};
		2B336D7C2C3D4C8300B63C2B /* Window */ = {
			isa = PBXGroup;
			children = (
				2B336D6F2C3D4C8200B63C2B /* WindowAccessor.swift */,
				2B336D772C3D4C8300B63C2B /* LiquidGlassView.swift */,
				2B9C988C00DC294A0C77A5F8 /* BrowserConsolePanel.swift */,
				2BE48B6A936220AE0C933BFB /* BrowserFailureView.swift */,
				2B103A9C3F4A9FEF84D94F22 /* BrowserFindPanel.swift */,
				2B20600C79A775026EFE02AE /* BrowserFullSettingsPage.swift */,
				2BC100042D1A000100000001 /* BrowserCalendarPage.swift */,
				2B88DDC15985F48350CBAC13 /* BrowserHistoryPage.swift */,
				2BC100022D1A000100000001 /* BrowserMailPage.swift */,
				2BC1000E2D1C000100000001 /* BrowserOAuthOverlayView.swift */,
				2B0151F54462035696689556 /* BrowserProfileViews.swift */,
				2B53DCE0285482951017ECF8 /* BrowserToasts.swift */,
				2B80BA7A6CEBF38327BFC67D /* BrowserWindowOcclusion.swift */,
				2B3601B2492CB55E8D225085 /* NewTabPrompt.swift */,
			);
			path = Window;
			sourceTree = "<group>";
		};
			2B336D812C3D4C8500B63C2B /* Persistence */ = {
				isa = PBXGroup;
				children = (
					2B336D7F2C3D4C8500B63C2B /* BrowserDatabase.swift */,
					2B336D8C2C3D4C8700B63C2B /* BrowserPersistenceStore.swift */,
					2B82629A612B3E12E1731A81 /* BrowserStorageModels.swift */,
					2B8222F79C78DBED7751697F /* SQLiteSupport.swift */,
				);
				path = Persistence;
				sourceTree = "<group>";
		};
/* End PBXGroup section */

/* Begin PBXNativeTarget section */
		2B336D572C3D4C7F00B63C2B /* Browser */ = {
			isa = PBXNativeTarget;
			buildConfigurationList = 2B336D632C3D4C8000B63C2B /* Build configuration list for PBXNativeTarget "Browser" */;
			buildPhases = (
				2B336D542C3D4C7F00B63C2B /* Sources */,
				2B336D552C3D4C7F00B63C2B /* Frameworks */,
				2B336D562C3D4C7F00B63C2B /* Resources */,
			);
			buildRules = (
			);
			dependencies = (
			);
			name = Browser;
			packageProductDependencies = (
				2B336D932C3D51A600B63C2B /* Sparkle */,
				2BC1000A2D1A000100000001 /* ConvexMobile */,
			);
			productName = Browser;
			productReference = 2B336D582C3D4C7F00B63C2B /* Browser.app */;
			productType = "com.apple.product-type.application";
		};
/* End PBXNativeTarget section */

/* Begin PBXProject section */
		2B336D502C3D4C7F00B63C2B /* Project object */ = {
			isa = PBXProject;
			attributes = {
				BuildIndependentTargetsInParallel = 1;
				LastSwiftUpdateCheck = 2630;
				LastUpgradeCheck = 2630;
				TargetAttributes = {
					2B336D572C3D4C7F00B63C2B = {
						CreatedOnToolsVersion = 26.3;
					};
				};
			};
			buildConfigurationList = 2B336D532C3D4C7F00B63C2B /* Build configuration list for PBXProject "Browser" */;
			compatibilityVersion = "Xcode 14.0";
			developmentRegion = en;
			hasScannedForEncodings = 0;
			knownRegions = (
				en,
				Base,
			);
			mainGroup = 2B336D4F2C3D4C7F00B63C2B;
			packageReferences = (
				2B336D922C3D51A600B63C2B /* XCRemoteSwiftPackageReference "Sparkle" */,
				2BC100082D1A000100000001 /* XCRemoteSwiftPackageReference "convex-swift" */,
			);
			productRefGroup = 2B336D592C3D4C7F00B63C2B /* Products */;
			projectDirPath = "";
			projectRoot = "";
			targets = (
				2B336D572C3D4C7F00B63C2B /* Browser */,
			);
		};
/* End PBXProject section */

/* Begin PBXResourcesBuildPhase section */
		2B336D562C3D4C7F00B63C2B /* Resources */ = {
			isa = PBXResourcesBuildPhase;
			buildActionMask = 2147483647;
			files = (
				2B336D912C3D4C8800B63C2B /* Assets.xcassets in Resources */,
			);
			runOnlyForDeploymentPostprocessing = 0;
		};
/* End PBXResourcesBuildPhase section */

/* Begin PBXSourcesBuildPhase section */
		2B336D542C3D4C7F00B63C2B /* Sources */ = {
			isa = PBXSourcesBuildPhase;
			buildActionMask = 2147483647;
			files = (
					2B336D672C3D4C8000B63C2B /* BrowserApp.swift in Sources */,
					2B336D722C3D4C8300B63C2B /* BrowserWindowView.swift in Sources */,
					2B336D852C3D4C8700B63C2B /* BrowserModels.swift in Sources */,
					2B336D892C3D4C8700B63C2B /* BrowserNavigation.swift in Sources */,
					2BC1000D2D1B000100000001 /* BrowserExternalURLRouter.swift in Sources */,
					2B336D682C3D4C8000B63C2B /* WebView.swift in Sources */,
					2B336D7E2C3D4C8400B63C2B /* BrowserState.swift in Sources */,
					2B336D872C3D4C8700B63C2B /* BrowserTab.swift in Sources */,
					2BC100012D1A000100000001 /* BrowserCloud.swift in Sources */,
					2B336D802C3D4C8500B63C2B /* BrowserDatabase.swift in Sources */,
					2B336D8B2C3D4C8700B63C2B /* BrowserPersistenceStore.swift in Sources */,
					2B336D742C3D4C8300B63C2B /* BrowserSidebar.swift in Sources */,
				2B336D762C3D4C8300B63C2B /* TrafficLightControls.swift in Sources */,
				2B336D832C3D4C8600B63C2B /* CursorModifier.swift in Sources */,
				2B336D702C3D4C8200B63C2B /* WindowAccessor.swift in Sources */,
				2B336D782C3D4C8300B63C2B /* LiquidGlassView.swift in Sources */,
					2BE87EEEEA58874FD23338E0 /* BrowserConsolePanel.swift in Sources */,
					2B0B8466F7425FEBAA3AA46F /* BrowserFailureView.swift in Sources */,
					2B02A59760D828646C7AC6C3 /* BrowserFindPanel.swift in Sources */,
					2BA155E22421955C0E3D7A81 /* BrowserFullSettingsPage.swift in Sources */,
					2BC100052D1A000100000001 /* BrowserCalendarPage.swift in Sources */,
					2B9D420FE812E97BC7D17F14 /* BrowserHistoryPage.swift in Sources */,
					2BC100032D1A000100000001 /* BrowserMailPage.swift in Sources */,
					2BC1000F2D1C000100000001 /* BrowserOAuthOverlayView.swift in Sources */,
					2BEEF46EC68BAB28E2046202 /* BrowserProfileViews.swift in Sources */,
					2B69F0B907CDDCAFBD14A503 /* BrowserToasts.swift in Sources */,
					2BB13BB91B85465D924F9C18 /* BrowserWindowOcclusion.swift in Sources */,
					2B3F3B42C22F6B2F7D287ECA /* NewTabPrompt.swift in Sources */,
					2B3C191DD49D5F81F8FA7BC5 /* SidebarAddressField.swift in Sources */,
					2B389713B95445A92A83E7E5 /* SidebarBookmarks.swift in Sources */,
					2B1FB70B800B31C2F9CB75F1 /* SidebarDownloads.swift in Sources */,
					2B795F1BCB909690586D9003 /* SidebarSettingsPanel.swift in Sources */,
					2B5F3A46D9D4566D774EE769 /* SidebarTabs.swift in Sources */,
					2BDCF270B83A14E422BE8B72 /* BrowserStorageModels.swift in Sources */,
					2BB103B19E83796381BD27EE /* SQLiteSupport.swift in Sources */,
			);
			runOnlyForDeploymentPostprocessing = 0;
		};
/* End PBXSourcesBuildPhase section */

/* Begin XCBuildConfiguration section */
		2B336D602C3D4C8000B63C2B /* Debug */ = {
			isa = XCBuildConfiguration;
			buildSettings = {
				ALWAYS_SEARCH_USER_PATHS = NO;
				ASSETCATALOG_COMPILER_GENERATE_SWIFT_ASSET_SYMBOL_EXTENSIONS = YES;
				CLANG_ANALYZER_NONNULL = YES;
				CLANG_ANALYZER_NUMBER_OBJECT_CONVERSION = YES_AGGRESSIVE;
				CLANG_CXX_LANGUAGE_STANDARD = "gnu++20";
				CLANG_ENABLE_MODULES = YES;
				CLANG_ENABLE_OBJC_ARC = YES;
				CLANG_ENABLE_OBJC_WEAK = YES;
				CLANG_WARN_BLOCK_CAPTURE_AUTORELEASING = YES;
				CLANG_WARN_BOOL_CONVERSION = YES;
				CLANG_WARN_COMMA = YES;
				CLANG_WARN_CONSTANT_CONVERSION = YES;
				CLANG_WARN_DEPRECATED_OBJC_IMPLEMENTATIONS = YES;
				CLANG_WARN_DIRECT_OBJC_ISA_USAGE = YES_ERROR;
				CLANG_WARN_DOCUMENTATION_COMMENTS = YES;
				CLANG_WARN_EMPTY_BODY = YES;
				CLANG_WARN_ENUM_CONVERSION = YES;
				CLANG_WARN_INFINITE_RECURSION = YES;
				CLANG_WARN_INT_CONVERSION = YES;
				CLANG_WARN_NON_LITERAL_NULL_CONVERSION = YES;
				CLANG_WARN_OBJC_IMPLICIT_RETAIN_SELF = YES;
				CLANG_WARN_OBJC_LITERAL_CONVERSION = YES;
				CLANG_WARN_OBJC_ROOT_CLASS = YES_ERROR;
				CLANG_WARN_QUOTED_INCLUDE_IN_FRAMEWORK_HEADER = YES;
				CLANG_WARN_RANGE_LOOP_ANALYSIS = YES;
				CLANG_WARN_STRICT_PROTOTYPES = YES;
				CLANG_WARN_SUSPICIOUS_MOVE = YES;
				CLANG_WARN_UNGUARDED_AVAILABILITY = YES_AGGRESSIVE;
				CLANG_WARN_UNREACHABLE_CODE = YES;
				CLANG_WARN__DUPLICATE_METHOD_MATCH = YES;
				COPY_PHASE_STRIP = NO;
				DEBUG_INFORMATION_FORMAT = dwarf;
				ENABLE_STRICT_OBJC_MSGSEND = YES;
				ENABLE_TESTABILITY = YES;
				ENABLE_USER_SCRIPT_SANDBOXING = YES;
				GCC_C_LANGUAGE_STANDARD = gnu17;
				GCC_DYNAMIC_NO_PIC = NO;
				GCC_NO_COMMON_BLOCKS = YES;
				GCC_OPTIMIZATION_LEVEL = 0;
				GCC_PREPROCESSOR_DEFINITIONS = (
					"DEBUG=1",
					"$(inherited)",
				);
				GCC_WARN_64_TO_32_BIT_CONVERSION = YES;
				GCC_WARN_ABOUT_RETURN_TYPE = YES_ERROR;
				GCC_WARN_UNDECLARED_SELECTOR = YES;
				GCC_WARN_UNINITIALIZED_AUTOS = YES_AGGRESSIVE;
				GCC_WARN_UNUSED_FUNCTION = YES;
				GCC_WARN_UNUSED_VARIABLE = YES;
				LOCALIZATION_PREFERS_STRING_CATALOGS = YES;
				MACOSX_DEPLOYMENT_TARGET = 26.0;
				MTL_ENABLE_DEBUG_INFO = INCLUDE_SOURCE;
				MTL_FAST_MATH = YES;
				ONLY_ACTIVE_ARCH = YES;
				SDKROOT = macosx;
				SWIFT_ACTIVE_COMPILATION_CONDITIONS = "DEBUG $(inherited)";
				SWIFT_OPTIMIZATION_LEVEL = "-Onone";
			};
			name = Debug;
		};
		2B336D612C3D4C8000B63C2B /* Release */ = {
			isa = XCBuildConfiguration;
			buildSettings = {
				ALWAYS_SEARCH_USER_PATHS = NO;
				ASSETCATALOG_COMPILER_GENERATE_SWIFT_ASSET_SYMBOL_EXTENSIONS = YES;
				CLANG_ANALYZER_NONNULL = YES;
				CLANG_ANALYZER_NUMBER_OBJECT_CONVERSION = YES_AGGRESSIVE;
				CLANG_CXX_LANGUAGE_STANDARD = "gnu++20";
				CLANG_ENABLE_MODULES = YES;
				CLANG_ENABLE_OBJC_ARC = YES;
				CLANG_ENABLE_OBJC_WEAK = YES;
				CLANG_WARN_BLOCK_CAPTURE_AUTORELEASING = YES;
				CLANG_WARN_BOOL_CONVERSION = YES;
				CLANG_WARN_COMMA = YES;
				CLANG_WARN_CONSTANT_CONVERSION = YES;
				CLANG_WARN_DEPRECATED_OBJC_IMPLEMENTATIONS = YES;
				CLANG_WARN_DIRECT_OBJC_ISA_USAGE = YES_ERROR;
				CLANG_WARN_DOCUMENTATION_COMMENTS = YES;
				CLANG_WARN_EMPTY_BODY = YES;
				CLANG_WARN_ENUM_CONVERSION = YES;
				CLANG_WARN_INFINITE_RECURSION = YES;
				CLANG_WARN_INT_CONVERSION = YES;
				CLANG_WARN_NON_LITERAL_NULL_CONVERSION = YES;
				CLANG_WARN_OBJC_IMPLICIT_RETAIN_SELF = YES;
				CLANG_WARN_OBJC_LITERAL_CONVERSION = YES;
				CLANG_WARN_OBJC_ROOT_CLASS = YES_ERROR;
				CLANG_WARN_QUOTED_INCLUDE_IN_FRAMEWORK_HEADER = YES;
				CLANG_WARN_RANGE_LOOP_ANALYSIS = YES;
				CLANG_WARN_STRICT_PROTOTYPES = YES;
				CLANG_WARN_SUSPICIOUS_MOVE = YES;
				CLANG_WARN_UNGUARDED_AVAILABILITY = YES_AGGRESSIVE;
				CLANG_WARN_UNREACHABLE_CODE = YES;
				CLANG_WARN__DUPLICATE_METHOD_MATCH = YES;
				COPY_PHASE_STRIP = NO;
				DEBUG_INFORMATION_FORMAT = "dwarf-with-dsym";
				ENABLE_NS_ASSERTIONS = NO;
				ENABLE_STRICT_OBJC_MSGSEND = YES;
				ENABLE_USER_SCRIPT_SANDBOXING = YES;
				GCC_C_LANGUAGE_STANDARD = gnu17;
				GCC_NO_COMMON_BLOCKS = YES;
				GCC_WARN_64_TO_32_BIT_CONVERSION = YES;
				GCC_WARN_ABOUT_RETURN_TYPE = YES_ERROR;
				GCC_WARN_UNDECLARED_SELECTOR = YES;
				GCC_WARN_UNINITIALIZED_AUTOS = YES_AGGRESSIVE;
				GCC_WARN_UNUSED_FUNCTION = YES;
				GCC_WARN_UNUSED_VARIABLE = YES;
				LOCALIZATION_PREFERS_STRING_CATALOGS = YES;
				MACOSX_DEPLOYMENT_TARGET = 26.0;
				MTL_ENABLE_DEBUG_INFO = NO;
				MTL_FAST_MATH = YES;
				SDKROOT = macosx;
				SWIFT_COMPILATION_MODE = wholemodule;
			};
			name = Release;
		};
		2B336D642C3D4C8000B63C2B /* Debug */ = {
			isa = XCBuildConfiguration;
			buildSettings = {
				ASSETCATALOG_COMPILER_APPICON_NAME = AppIcon;
				CODE_SIGN_STYLE = Automatic;
				COMBINE_HIDPI_IMAGES = YES;
				CURRENT_PROJECT_VERSION = 18;
				DEVELOPMENT_TEAM = 8H8H5W877U;
				ENABLE_HARDENED_RUNTIME = YES;
				GENERATE_INFOPLIST_FILE = NO;
				INFOPLIST_FILE = Browser/Info.plist;
				LD_RUNPATH_SEARCH_PATHS = (
					"$(inherited)",
					"@executable_path/../Frameworks",
				);
				MACOSX_DEPLOYMENT_TARGET = 26.0;
				MARKETING_VERSION = 1.3.3;
				OTHER_LDFLAGS = "-lsqlite3";
				PRODUCT_BUNDLE_IDENTIFIER = com.ryankuah.browser;
				PRODUCT_NAME = "$(TARGET_NAME)";
				SWIFT_EMIT_LOC_STRINGS = YES;
				SWIFT_VERSION = 6.0;
			};
			name = Debug;
		};
		2B336D652C3D4C8100B63C2B /* Release */ = {
			isa = XCBuildConfiguration;
			buildSettings = {
				ASSETCATALOG_COMPILER_APPICON_NAME = AppIcon;
				CODE_SIGN_STYLE = Automatic;
				COMBINE_HIDPI_IMAGES = YES;
				CURRENT_PROJECT_VERSION = 18;
				DEVELOPMENT_TEAM = 8H8H5W877U;
				ENABLE_HARDENED_RUNTIME = YES;
				GENERATE_INFOPLIST_FILE = NO;
				INFOPLIST_FILE = Browser/Info.plist;
				LD_RUNPATH_SEARCH_PATHS = (
					"$(inherited)",
					"@executable_path/../Frameworks",
				);
				MACOSX_DEPLOYMENT_TARGET = 26.0;
				MARKETING_VERSION = 1.3.3;
				OTHER_LDFLAGS = "-lsqlite3";
				PRODUCT_BUNDLE_IDENTIFIER = com.ryankuah.browser;
				PRODUCT_NAME = "$(TARGET_NAME)";
				SWIFT_EMIT_LOC_STRINGS = YES;
				SWIFT_VERSION = 6.0;
			};
			name = Release;
		};
/* End XCBuildConfiguration section */

/* Begin XCConfigurationList section */
		2B336D532C3D4C7F00B63C2B /* Build configuration list for PBXProject "Browser" */ = {
			isa = XCConfigurationList;
			buildConfigurations = (
				2B336D602C3D4C8000B63C2B /* Debug */,
				2B336D612C3D4C8000B63C2B /* Release */,
			);
			defaultConfigurationIsVisible = 0;
			defaultConfigurationName = Release;
		};
		2B336D632C3D4C8000B63C2B /* Build configuration list for PBXNativeTarget "Browser" */ = {
			isa = XCConfigurationList;
			buildConfigurations = (
				2B336D642C3D4C8000B63C2B /* Debug */,
				2B336D652C3D4C8100B63C2B /* Release */,
			);
			defaultConfigurationIsVisible = 0;
			defaultConfigurationName = Release;
		};
/* End XCConfigurationList section */

/* Begin XCRemoteSwiftPackageReference section */
		2B336D922C3D51A600B63C2B /* XCRemoteSwiftPackageReference "Sparkle" */ = {
			isa = XCRemoteSwiftPackageReference;
			repositoryURL = "https://github.com/sparkle-project/Sparkle";
			requirement = {
				kind = exactVersion;
				version = 2.9.3;
			};
		};
		2BC100082D1A000100000001 /* XCRemoteSwiftPackageReference "convex-swift" */ = {
			isa = XCRemoteSwiftPackageReference;
			repositoryURL = "https://github.com/get-convex/convex-swift";
			requirement = {
				kind = upToNextMajorVersion;
				minimumVersion = 0.8.1;
			};
		};
/* End XCRemoteSwiftPackageReference section */

/* Begin XCSwiftPackageProductDependency section */
		2B336D932C3D51A600B63C2B /* Sparkle */ = {
			isa = XCSwiftPackageProductDependency;
			package = 2B336D922C3D51A600B63C2B /* XCRemoteSwiftPackageReference "Sparkle" */;
			productName = Sparkle;
		};
		2BC1000A2D1A000100000001 /* ConvexMobile */ = {
			isa = XCSwiftPackageProductDependency;
			package = 2BC100082D1A000100000001 /* XCRemoteSwiftPackageReference "convex-swift" */;
			productName = ConvexMobile;
		};
/* End XCSwiftPackageProductDependency section */
	};
	rootObject = 2B336D502C3D4C7F00B63C2B /* Project object */;
}
